
Microsoft Visual Studio Solution File, Format Version 12.00
# Visual Studio Version 17
VisualStudioVersion = 17.2.32526.322
MinimumVisualStudioVersion = 10.0.40219.1
Project("{9A19103F-16F7-4668-BE54-9A1E7A4F7556}") = "ResponseJob", "ResponseJob\ResponseJob.csproj", "{03E41211-3237-4C4F-B667-73C522F52CDE}"
EndProject
Project("{FAE04EC0-301F-11D3-BF4B-00C04F79EFBC}") = "TestFigure", "TestFigure\TestFigure.csproj", "{FD5BFD30-A45B-462B-9C2C-F5433B150018}"
EndProject
Global
	GlobalSection(SolutionConfigurationPlatforms) = preSolution
		Debug|Any CPU = Debug|Any CPU
		Release|Any CPU = Release|Any CPU
	EndGlobalSection
	GlobalSection(ProjectConfigurationPlatforms) = postSolution
		{03E41211-3237-4C4F-B667-73C522F52CDE}.Debug|Any CPU.ActiveCfg = Debug|Any CPU
		{03E41211-3237-4C4F-B667-73C522F52CDE}.Debug|Any CPU.Build.0 = Debug|Any CPU
		{03E41211-3237-4C4F-B667-73C522F52CDE}.Release|Any CPU.ActiveCfg = Release|Any CPU
		{03E41211-3237-4C4F-B667-73C522F52CDE}.Release|Any CPU.Build.0 = Release|Any CPU
		{FD5BFD30-A45B-462B-9C2C-F5433B150018}.Debug|Any CPU.ActiveCfg = Debug|Any CPU
		{FD5BFD30-A45B-462B-9C2C-F5433B150018}.Debug|Any CPU.Build.0 = Debug|Any CPU
		{FD5BFD30-A45B-462B-9C2C-F5433B150018}.Release|Any CPU.ActiveCfg = Release|Any CPU
		{FD5BFD30-A45B-462B-9C2C-F5433B150018}.Release|Any CPU.Build.0 = Release|Any CPU
	EndGlobalSection
	GlobalSection(SolutionProperties) = preSolution
		HideSolutionNode = FALSE
	EndGlobalSection
	GlobalSection(ExtensibilityGlobals) = postSolution
		SolutionGuid = {64CE10DB-D661-449D-B489-F7A7599BE39D}
	EndGlobalSection
EndGlobal
